
Microsoft Visual Studio Solution File, Format Version 12.00
# Visual Studio Version 16
VisualStudioVersion = 16.0.30611.23
MinimumVisualStudioVersion = 10.0.40219.1
Project("{FAE04EC0-301F-11D3-BF4B-00C04F79EFBC}") = "QLVT_DATHANG", "QLVT_DATHANG\QLVT_DATHANG.csproj", "{CFEA72A7-F8B6-4750-ADAF-41650C67999B}"
EndProject
Global
	GlobalSection(SolutionConfigurationPlatforms) = preSolution
		Debug|Any CPU = Debug|Any CPU
		Release|Any CPU = Release|Any CPU
	EndGlobalSection
	GlobalSection(ProjectConfigurationPlatforms) = postSolution
		{CFEA72A7-F8B6-4750-ADAF-41650C67999B}.Debug|Any CPU.ActiveCfg = Debug|Any CPU
		{CFEA72A7-F8B6-4750-ADAF-41650C67999B}.Debug|Any CPU.Build.0 = Debug|Any CPU
		{CFEA72A7-F8B6-4750-ADAF-41650C67999B}.Release|Any CPU.ActiveCfg = Release|Any CPU
		{CFEA72A7-F8B6-4750-ADAF-41650C67999B}.Release|Any CPU.Build.0 = Release|Any CPU
	EndGlobalSection
	GlobalSection(SolutionProperties) = preSolution
		HideSolutionNode = FALSE
	EndGlobalSection
	GlobalSection(ExtensibilityGlobals) = postSolution
		SolutionGuid = {BF4D61F3-94AD-4C6C-A9AD-39EA24959660}
	EndGlobalSection
EndGlobal
